
Microsoft Visual Studio Solution File, Format Version 12.00
# Visual Studio Version 17
VisualStudioVersion = 17.9.34701.34
MinimumVisualStudioVersion = 10.0.40219.1
Project("{FAE04EC0-301F-11D3-BF4B-00C04F79EFBC}") = "LMS_WEB_API", "LMS_WEB_API.csproj", "{856D2D32-8C8F-4C91-899D-3A0D74773ACB}"
EndProject
Global
	GlobalSection(SolutionConfigurationPlatforms) = preSolution
		Debug|Any CPU = Debug|Any CPU
		Release|Any CPU = Release|Any CPU
	EndGlobalSection
	GlobalSection(ProjectConfigurationPlatforms) = postSolution
		{856D2D32-8C8F-4C91-899D-3A0D74773ACB}.Debug|Any CPU.ActiveCfg = Debug|Any CPU
		{856D2D32-8C8F-4C91-899D-3A0D74773ACB}.Debug|Any CPU.Build.0 = Debug|Any CPU
		{856D2D32-8C8F-4C91-899D-3A0D74773ACB}.Release|Any CPU.ActiveCfg = Release|Any CPU
		{856D2D32-8C8F-4C91-899D-3A0D74773ACB}.Release|Any CPU.Build.0 = Release|Any CPU
	EndGlobalSection
	GlobalSection(SolutionProperties) = preSolution
		HideSolutionNode = FALSE
	EndGlobalSection
	GlobalSection(ExtensibilityGlobals) = postSolution
		SolutionGuid = {ADF40B5C-1B95-4D24-B7C2-C35898DF5F0D}
	EndGlobalSection
EndGlobal
